// !$*UTF8*$!
{
	archiveVersion = 1;
	classes = {
	};
	objectVersion = 46;
	objects = {

/* Begin PBXBuildFile section */
		9DDEFA531BBE172600763242 /* AppDelegate.swift in Sources */ = {isa = PBXBuildFile; fileRef = 9DDEFA521BBE172600763242 /* AppDelegate.swift */; };
		9DDEFA551BBE172600763242 /* ViewController.swift in Sources */ = {isa = PBXBuildFile; fileRef = 9DDEFA541BBE172600763242 /* ViewController.swift */; };
		9DDEFA581BBE172600763242 /* Main.storyboard in Resources */ = {isa = PBXBuildFile; fileRef = 9DDEFA561BBE172600763242 /* Main.storyboard */; };
		9DDEFA5A1BBE172600763242 /* Images.xcassets in Resources */ = {isa = PBXBuildFile; fileRef = 9DDEFA591BBE172600763242 /* Images.xcassets */; };
		9DDEFA5D1BBE172600763242 /* LaunchScreen.xib in Resources */ = {isa = PBXBuildFile; fileRef = 9DDEFA5B1BBE172600763242 /* LaunchScreen.xib */; };
		9DDEFA691BBE172600763242 /* HelloTests.swift in Sources */ = {isa = PBXBuildFile; fileRef = 9DDEFA681BBE172600763242 /* HelloTests.swift */; };
/* End PBXBuildFile section */

/* Begin PBXContainerItemProxy section */
		9DDEFA631BBE172600763242 /* PBXContainerItemProxy */ = {
			isa = PBXContainerItemProxy;
			containerPortal = 9DDEFA451BBE172600763242 /* Project object */;
			proxyType = 1;
			remoteGlobalIDString = 9DDEFA4C1BBE172600763242;
			remoteInfo = Hello;
		};
/* End PBXContainerItemProxy section */

/* Begin PBXFileReference section */
		9DDEFA4D1BBE172600763242 /* Hello.app */ = {isa = PBXFileReference; explicitFileType = wrapper.application; includeInIndex = 0; path = Hello.app; sourceTree = BUILT_PRODUCTS_DIR; };
		9DDEFA511BBE172600763242 /* Info.plist */ = {isa = PBXFileReference; lastKnownFileType = text.plist.xml; path = Info.plist; sourceTree = "<group>"; };
		9DDEFA521BBE172600763242 /* AppDelegate.swift */ = {isa = PBXFileReference; lastKnownFileType = sourcecode.swift; path = AppDelegate.swift; sourceTree = "<group>"; };
		9DDEFA541BBE172600763242 /* ViewController.swift */ = {isa = PBXFileReference; lastKnownFileType = sourcecode.swift; path = ViewController.swift; sourceTree = "<group>"; };
		9DDEFA571BBE172600763242 /* Base */ = {isa = PBXFileReference; lastKnownFileType = file.storyboard; name = Base; path = Base.lproj/Main.storyboard; sourceTree = "<group>"; };
		9DDEFA591BBE172600763242 /* Images.xcassets */ = {isa = PBXFileReference; lastKnownFileType = folder.assetcatalog; path = Images.xcassets; sourceTree = "<group>"; };
		9DDEFA5C1BBE172600763242 /* Base */ = {isa = PBXFileReference; lastKnownFileType = file.xib; name = Base; path = Base.lproj/LaunchScreen.xib; sourceTree = "<group>"; };
		9DDEFA621BBE172600763242 /* HelloTests.xctest */ = {isa = PBXFileReference; explicitFileType = wrapper.cfbundle; includeInIndex = 0; path = HelloTests.xctest; sourceTree = BUILT_PRODUCTS_DIR; };
		9DDEFA671BBE172600763242 /* Info.plist */ = {isa = PBXFileReference; lastKnownFileType = text.plist.xml; path = Info.plist; sourceTree = "<group>"; };
		9DDEFA681BBE172600763242 /* HelloTests.swift */ = {isa = PBXFileReference; lastKnownFileType = sourcecode.swift; path = HelloTests.swift; sourceTree = "<group>"; };
/* End PBXFileReference section */

/* Begin PBXFrameworksBuildPhase section */
		9DDEFA4A1BBE172600763242 /* Frameworks */ = {
			isa = PBXFrameworksBuildPhase;
			buildActionMask = 2147483647;
			files = (
			);
			runOnlyForDeploymentPostprocessing = 0;
		};
		9DDEFA5F1BBE172600763242 /* Frameworks */ = {
			isa = PBXFrameworksBuildPhase;
			buildActionMask = 2147483647;
			files = (
			);
			runOnlyForDeploymentPostprocessing = 0;
		};
/* End PBXFrameworksBuildPhase section */

/* Begin PBXGroup section */
		9DDEFA441BBE172600763242 = {
			isa = PBXGroup;
			children = (
				9DDEFA4F1BBE172600763242 /* Hello */,
				9DDEFA651BBE172600763242 /* HelloTests */,
				9DDEFA4E1BBE172600763242 /* Products */,
			);
			sourceTree = "<group>";
		};
		9DDEFA4E1BBE172600763242 /* Products */ = {
			isa = PBXGroup;
			children = (
				9DDEFA4D1BBE172600763242 /* Hello.app */,
				9DDEFA621BBE172600763242 /* HelloTests.xctest */,
			);
			name = Products;
			sourceTree = "<group>";
		};
		9DDEFA4F1BBE172600763242 /* Hello */ = {
			isa = PBXGroup;
			children = (
				9DDEFA521BBE172600763242 /* AppDelegate.swift */,
				9DDEFA541BBE172600763242 /* ViewController.swift */,
				9DDEFA561BBE172600763242 /* Main.storyboard */,
				9DDEFA591BBE172600763242 /* Images.xcassets */,
				9DDEFA5B1BBE172600763242 /* LaunchScreen.xib */,
				9DDEFA501BBE172600763242 /* Supporting Files */,
			);
			path = Hello;
			sourceTree = "<group>";
		};
		9DDEFA501BBE172600763242 /* Supporting Files */ = {
			isa = PBXGroup;
			children = (
				9DDEFA511BBE172600763242 /* Info.plist */,
			);
			name = "Supporting Files";
			sourceTree = "<group>";
		};
		9DDEFA651BBE172600763242 /* HelloTests */ = {
			isa = PBXGroup;
			children = (
				9DDEFA681BBE172600763242 /* HelloTests.swift */,
				9DDEFA661BBE172600763242 /* Supporting Files */,
			);
			path = HelloTests;
			sourceTree = "<group>";
		};
		9DDEFA661BBE172600763242 /* Supporting Files */ = {
			isa = PBXGroup;
			children = (
				9DDEFA671BBE172600763242 /* Info.plist */,
			);
			name = "Supporting Files";
			sourceTree = "<group>";
		};
/* End PBXGroup section */

/* Begin PBXNativeTarget section */
		9DDEFA4C1BBE172600763242 /* Hello */ = {
			isa = PBXNativeTarget;
			buildConfigurationList = 9DDEFA6C1BBE172600763242 /* Build configuration list for PBXNativeTarget "Hello" */;
			buildPhases = (
				9DDEFA491BBE172600763242 /* Sources */,
				9DDEFA4A1BBE172600763242 /* Frameworks */,
				9DDEFA4B1BBE172600763242 /* Resources */,
			);
			buildRules = (
			);
			dependencies = (
			);
			name = Hello;
			productName = Hello;
			productReference = 9DDEFA4D1BBE172600763242 /* Hello.app */;
			productType = "com.apple.product-type.application";
		};
		9DDEFA611BBE172600763242 /* HelloTests */ = {
			isa = PBXNativeTarget;
			buildConfigurationList = 9DDEFA6F1BBE172600763242 /* Build configuration list for PBXNativeTarget "HelloTests" */;
			buildPhases = (
				9DDEFA5E1BBE172600763242 /* Sources */,
				9DDEFA5F1BBE172600763242 /* Frameworks */,
				9DDEFA601BBE172600763242 /* Resources */,
			);
			buildRules = (
			);
			dependencies = (
				9DDEFA641BBE172600763242 /* PBXTargetDependency */,
			);
			name = HelloTests;
			productName = HelloTests;
			productReference = 9DDEFA621BBE172600763242 /* HelloTests.xctest */;
			productType = "com.apple.product-type.bundle.unit-test";
		};
/* End PBXNativeTarget section */

/* Begin PBXProject section */
		9DDEFA451BBE172600763242 /* Project object */ = {
			isa = PBXProject;
			attributes = {
				LastUpgradeCheck = 0640;
				ORGANIZATIONNAME = "Vivyan Woods";
				TargetAttributes = {
					9DDEFA4C1BBE172600763242 = {
						CreatedOnToolsVersion = 6.4;
					};
					9DDEFA611BBE172600763242 = {
						CreatedOnToolsVersion = 6.4;
						TestTargetID = 9DDEFA4C1BBE172600763242;
					};
				};
			};
			buildConfigurationList = 9DDEFA481BBE172600763242 /* Build configuration list for PBXProject "Hello" */;
			compatibilityVersion = "Xcode 3.2";
			developmentRegion = English;
			hasScannedForEncodings = 0;
			knownRegions = (
				en,
				Base,
			);
			mainGroup = 9DDEFA441BBE172600763242;
			productRefGroup = 9DDEFA4E1BBE172600763242 /* Products */;
			projectDirPath = "";
			projectRoot = "";
			targets = (
				9DDEFA4C1BBE172600763242 /* Hello */,
				9DDEFA611BBE172600763242 /* HelloTests */,
			);
		};
/* End PBXProject section */

/* Begin PBXResourcesBuildPhase section */
		9DDEFA4B1BBE172600763242 /* Resources */ = {
			isa = PBXResourcesBuildPhase;
			buildActionMask = 2147483647;
			files = (
				9DDEFA581BBE172600763242 /* Main.storyboard in Resources */,
				9DDEFA5D1BBE172600763242 /* LaunchScreen.xib in Resources */,
				9DDEFA5A1BBE172600763242 /* Images.xcassets in Resources */,
			);
			runOnlyForDeploymentPostprocessing = 0;
		};
		9DDEFA601BBE172600763242 /* Resources */ = {
			isa = PBXResourcesBuildPhase;
			buildActionMask = 2147483647;
			files = (
			);
			runOnlyForDeploymentPostprocessing = 0;
		};
/* End PBXResourcesBuildPhase section */

/* Begin PBXSourcesBuildPhase section */
		9DDEFA491BBE172600763242 /* Sources */ = {
			isa = PBXSourcesBuildPhase;
			buildActionMask = 2147483647;
			files = (
				9DDEFA551BBE172600763242 /* ViewController.swift in Sources */,
				9DDEFA531BBE172600763242 /* AppDelegate.swift in Sources */,
			);
			runOnlyForDeploymentPostprocessing = 0;
		};
		9DDEFA5E1BBE172600763242 /* Sources */ = {
			isa = PBXSourcesBuildPhase;
			buildActionMask = 2147483647;
			files = (
				9DDEFA691BBE172600763242 /* HelloTests.swift in Sources */,
			);
			runOnlyForDeploymentPostprocessing = 0;
		};
/* End PBXSourcesBuildPhase section */

/* Begin PBXTargetDependency section */
		9DDEFA641BBE172600763242 /* PBXTargetDependency */ = {
			isa = PBXTargetDependency;
			target = 9DDEFA4C1BBE172600763242 /* Hello */;
			targetProxy = 9DDEFA631BBE172600763242 /* PBXContainerItemProxy */;
		};
/* End PBXTargetDependency section */

/* Begin PBXVariantGroup section */
		9DDEFA561BBE172600763242 /* Main.storyboard */ = {
			isa = PBXVariantGroup;
			children = (
				9DDEFA571BBE172600763242 /* Base */,
			);
			name = Main.storyboard;
			sourceTree = "<group>";
		};
		9DDEFA5B1BBE172600763242 /* LaunchScreen.xib */ = {
			isa = PBXVariantGroup;
			children = (
				9DDEFA5C1BBE172600763242 /* Base */,
			);
			name = LaunchScreen.xib;
			sourceTree = "<group>";
		};
/* End PBXVariantGroup section */

/* Begin XCBuildConfiguration section */
		9DDEFA6A1BBE172600763242 /* Debug */ = {
			isa = XCBuildConfiguration;
			buildSettings = {
				ALWAYS_SEARCH_USER_PATHS = NO;
				CLANG_CXX_LANGUAGE_STANDARD = "gnu++0x";
				CLANG_CXX_LIBRARY = "libc++";
				CLANG_ENABLE_MODULES = YES;
				CLANG_ENABLE_OBJC_ARC = YES;
				CLANG_WARN_BOOL_CONVERSION = YES;
				CLANG_WARN_CONSTANT_CONVERSION = YES;
				CLANG_WARN_DIRECT_OBJC_ISA_USAGE = YES_ERROR;
				CLANG_WARN_EMPTY_BODY = YES;
				CLANG_WARN_ENUM_CONVERSION = YES;
				CLANG_WARN_INT_CONVERSION = YES;
				CLANG_WARN_OBJC_ROOT_CLASS = YES_ERROR;
				CLANG_WARN_UNREACHABLE_CODE = YES;
				CLANG_WARN__DUPLICATE_METHOD_MATCH = YES;
				"CODE_SIGN_IDENTITY[sdk=iphoneos*]" = "iPhone Developer";
				COPY_PHASE_STRIP = NO;
				DEBUG_INFORMATION_FORMAT = "dwarf-with-dsym";
				ENABLE_STRICT_OBJC_MSGSEND = YES;
				GCC_C_LANGUAGE_STANDARD = gnu99;
				GCC_DYNAMIC_NO_PIC = NO;
				GCC_NO_COMMON_BLOCKS = YES;
				GCC_OPTIMIZATION_LEVEL = 0;
				GCC_PREPROCESSOR_DEFINITIONS = (
					"DEBUG=1",
					"$(inherited)",
				);
				GCC_SYMBOLS_PRIVATE_EXTERN = NO;
				GCC_WARN_64_TO_32_BIT_CONVERSION = YES;
				GCC_WARN_ABOUT_RETURN_TYPE = YES_ERROR;
				GCC_WARN_UNDECLARED_SELECTOR = YES;
				GCC_WARN_UNINITIALIZED_AUTOS = YES_AGGRESSIVE;
				GCC_WARN_UNUSED_FUNCTION = YES;
				GCC_WARN_UNUSED_VARIABLE = YES;
				IPHONEOS_DEPLOYMENT_TARGET = 8.4;
				MTL_ENABLE_DEBUG_INFO = YES;
				ONLY_ACTIVE_ARCH = YES;
				SDKROOT = iphoneos;
				SWIFT_OPTIMIZATION_LEVEL = "-Onone";
				TARGETED_DEVICE_FAMILY = "1,2";
			};
			name = Debug;
		};
		9DDEFA6B1BBE172600763242 /* Release */ = {
			isa = XCBuildConfiguration;
			buildSettings = {
				ALWAYS_SEARCH_USER_PATHS = NO;
				CLANG_CXX_LANGUAGE_STANDARD = "gnu++0x";
				CLANG_CXX_LIBRARY = "libc++";
				CLANG_ENABLE_MODULES = YES;
				CLANG_ENABLE_OBJC_ARC = YES;
				CLANG_WARN_BOOL_CONVERSION = YES;
				CLANG_WARN_CONSTANT_CONVERSION = YES;
				CLANG_WARN_DIRECT_OBJC_ISA_USAGE = YES_ERROR;
				CLANG_WARN_EMPTY_BODY = YES;
				CLANG_WARN_ENUM_CONVERSION = YES;
				CLANG_WARN_INT_CONVERSION = YES;
				CLANG_WARN_OBJC_ROOT_CLASS = YES_ERROR;
				CLANG_WARN_UNREACHABLE_CODE = YES;
				CLANG_WARN__DUPLICATE_METHOD_MATCH = YES;
				"CODE_SIGN_IDENTITY[sdk=iphoneos*]" = "iPhone Developer";
				COPY_PHASE_STRIP = NO;
				DEBUG_INFORMATION_FORMAT = "dwarf-with-dsym";
				ENABLE_NS_ASSERTIONS = NO;
				ENABLE_STRICT_OBJC_MSGSEND = YES;
				GCC_C_LANGUAGE_STANDARD = gnu99;
				GCC_NO_COMMON_BLOCKS = YES;
				GCC_WARN_64_TO_32_BIT_CONVERSION = YES;
				GCC_WARN_ABOUT_RETURN_TYPE = YES_ERROR;
				GCC_WARN_UNDECLARED_SELECTOR = YES;
				GCC_WARN_UNINITIALIZED_AUTOS = YES_AGGRESSIVE;
				GCC_WARN_UNUSED_FUNCTION = YES;
				GCC_WARN_UNUSED_VARIABLE = YES;
				IPHONEOS_DEPLOYMENT_TARGET = 8.4;
				MTL_ENABLE_DEBUG_INFO = NO;
				SDKROOT = iphoneos;
				TARGETED_DEVICE_FAMILY = "1,2";
				VALIDATE_PRODUCT = YES;
			};
			name = Release;
		};
		9DDEFA6D1BBE172600763242 /* Debug */ = {
			isa = XCBuildConfiguration;
			buildSettings = {
				ASSETCATALOG_COMPILER_APPICON_NAME = AppIcon;
				INFOPLIST_FILE = Hello/Info.plist;
				LD_RUNPATH_SEARCH_PATHS = "$(inherited) @executable_path/Frameworks";
				PRODUCT_NAME = "$(TARGET_NAME)";
			};
			name = Debug;
		};
		9DDEFA6E1BBE172600763242 /* Release */ = {
			isa = XCBuildConfiguration;
			buildSettings = {
				ASSETCATALOG_COMPILER_APPICON_NAME = AppIcon;
				INFOPLIST_FILE = Hello/Info.plist;
				LD_RUNPATH_SEARCH_PATHS = "$(inherited) @executable_path/Frameworks";
				PRODUCT_NAME = "$(TARGET_NAME)";
			};
			name = Release;
		};
		9DDEFA701BBE172600763242 /* Debug */ = {
			isa = XCBuildConfiguration;
			buildSettings = {
				BUNDLE_LOADER = "$(TEST_HOST)";
				FRAMEWORK_SEARCH_PATHS = (
					"$(SDKROOT)/Developer/Library/Frameworks",
					"$(inherited)",
				);
				GCC_PREPROCESSOR_DEFINITIONS = (
					"DEBUG=1",
					"$(inherited)",
				);
				INFOPLIST_FILE = HelloTests/Info.plist;
				LD_RUNPATH_SEARCH_PATHS = "$(inherited) @executable_path/Frameworks @loader_path/Frameworks";
				PRODUCT_NAME = "$(TARGET_NAME)";
				TEST_HOST = "$(BUILT_PRODUCTS_DIR)/Hello.app/Hello";
			};
			name = Debug;
		};
		9DDEFA711BBE172600763242 /* Release */ = {
			isa = XCBuildConfiguration;
			buildSettings = {
				BUNDLE_LOADER = "$(TEST_HOST)";
				FRAMEWORK_SEARCH_PATHS = (
					"$(SDKROOT)/Developer/Library/Frameworks",
					"$(inherited)",
				);
				INFOPLIST_FILE = HelloTests/Info.plist;
				LD_RUNPATH_SEARCH_PATHS = "$(inherited) @executable_path/Frameworks @loader_path/Frameworks";
				PRODUCT_NAME = "$(TARGET_NAME)";
				TEST_HOST = "$(BUILT_PRODUCTS_DIR)/Hello.app/Hello";
			};
			name = Release;
		};
/* End XCBuildConfiguration section */

/* Begin XCConfigurationList section */
		9DDEFA481BBE172600763242 /* Build configuration list for PBXProject "Hello" */ = {
			isa = XCConfigurationList;
			buildConfigurations = (
				9DDEFA6A1BBE172600763242 /* Debug */,
				9DDEFA6B1BBE172600763242 /* Release */,
			);
			defaultConfigurationIsVisible = 0;
			defaultConfigurationName = Release;
		};
		9DDEFA6C1BBE172600763242 /* Build configuration list for PBXNativeTarget "Hello" */ = {
			isa = XCConfigurationList;
			buildConfigurations = (
				9DDEFA6D1BBE172600763242 /* Debug */,
				9DDEFA6E1BBE172600763242 /* Release */,
			);
			defaultConfigurationIsVisible = 0;
		};
		9DDEFA6F1BBE172600763242 /* Build configuration list for PBXNativeTarget "HelloTests" */ = {
			isa = XCConfigurationList;
			buildConfigurations = (
				9DDEFA701BBE172600763242 /* Debug */,
				9DDEFA711BBE172600763242 /* Release */,
			);
			defaultConfigurationIsVisible = 0;
		};
/* End XCConfigurationList section */
	};
	rootObject = 9DDEFA451BBE172600763242 /* Project object */;
}
